{
  "version": "3",
  "packages": {
    "specifiers": {
      "npm:@types/node": "npm:@types/node@18.16.19"
    },
    "npm": {
      "@types/node@18.16.19": {
        "integrity": "sha512-IXl7o+R9iti9eBW4Wg2hx1xQDig183jj7YLn8F7udNceyfkbn1ZxmzZXuak20gR40D7pIkIY1kYGx5VIGbaHKA==",
        "dependencies": {}
      }
    }
  },
  "redirects": {
    "https://esm.sh/to-vfile@8": "https://esm.sh/to-vfile@8.0.0",
    "https://esm.sh/v135/@types/sax@^1/index.d.ts": "https://esm.sh/v135/@types/sax@1.2.7/index.d.ts",
    "https://esm.sh/v135/@types/xml2js@^0/X-ZS8q/index.d.ts": "https://esm.sh/v135/@types/xml2js@0.4.14/X-ZS8q/index.d.ts",
    "https://esm.sh/vfile-matter@5": "https://esm.sh/vfile-matter@5.0.0",
    "https://esm.sh/vfile@6": "https://esm.sh/vfile@6.0.1"
  },
  "remote": {
    "https://deno.land/std@0.180.0/_util/asserts.ts": "178dfc49a464aee693a7e285567b3d0b555dc805ff490505a8aae34f9cfb1462",
    "https://deno.land/std@0.180.0/_util/os.ts": "d932f56d41e4f6a6093d56044e29ce637f8dcc43c5a90af43504a889cf1775e3",
    "https://deno.land/std@0.180.0/fs/_util.ts": "65381f341af1ff7f40198cee15c20f59951ac26e51ddc651c5293e24f9ce6f32",
    "https://deno.land/std@0.180.0/fs/ensure_dir.ts": "dc64c4c75c64721d4e3fb681f1382f803ff3d2868f08563ff923fdd20d071c40",
    "https://deno.land/std@0.180.0/path/_constants.ts": "e49961f6f4f48039c0dfed3c3f93e963ca3d92791c9d478ac5b43183413136e0",
    "https://deno.land/std@0.180.0/path/_interface.ts": "6471159dfbbc357e03882c2266d21ef9afdb1e4aa771b0545e90db58a0ba314b",
    "https://deno.land/std@0.180.0/path/_util.ts": "d7abb1e0dea065f427b89156e28cdeb32b045870acdf865833ba808a73b576d0",
    "https://deno.land/std@0.180.0/path/common.ts": "ee7505ab01fd22de3963b64e46cff31f40de34f9f8de1fff6a1bd2fe79380000",
    "https://deno.land/std@0.180.0/path/glob.ts": "d479e0a695621c94d3fd7fe7abd4f9499caf32a8de13f25073451c6ef420a4e1",
    "https://deno.land/std@0.180.0/path/mod.ts": "4b83694ac500d7d31b0cdafc927080a53dc0c3027eb2895790fb155082b0d232",
    "https://deno.land/std@0.180.0/path/posix.ts": "8b7c67ac338714b30c816079303d0285dd24af6b284f7ad63da5b27372a2c94d",
    "https://deno.land/std@0.180.0/path/separator.ts": "0fb679739d0d1d7bf45b68dacfb4ec7563597a902edbaf3c59b50d5bcadd93b1",
    "https://deno.land/std@0.180.0/path/win32.ts": "d186344e5583bcbf8b18af416d13d82b35a317116e6460a5a3953508c3de5bba",
    "https://deno.land/std@0.192.0/_util/asserts.ts": "178dfc49a464aee693a7e285567b3d0b555dc805ff490505a8aae34f9cfb1462",
    "https://deno.land/std@0.192.0/_util/os.ts": "d932f56d41e4f6a6093d56044e29ce637f8dcc43c5a90af43504a889cf1775e3",
    "https://deno.land/std@0.192.0/async/abortable.ts": "fd682fa46f3b7b16b4606a5ab52a7ce309434b76f820d3221bdfb862719a15d7",
    "https://deno.land/std@0.192.0/async/deadline.ts": "58f72a3cc0fcb731b2cc055ba046f4b5be3349ff6bf98f2e793c3b969354aab2",
    "https://deno.land/std@0.192.0/async/debounce.ts": "adab11d04ca38d699444ac8a9d9856b4155e8dda2afd07ce78276c01ea5a4332",
    "https://deno.land/std@0.192.0/async/deferred.ts": "42790112f36a75a57db4a96d33974a936deb7b04d25c6084a9fa8a49f135def8",
    "https://deno.land/std@0.192.0/async/delay.ts": "73aa04cec034c84fc748c7be49bb15cac3dd43a57174bfdb7a4aec22c248f0dd",
    "https://deno.land/std@0.192.0/async/mod.ts": "f04344fa21738e5ad6bea37a6bfffd57c617c2d372bb9f9dcfd118a1b622e576",
    "https://deno.land/std@0.192.0/async/mux_async_iterator.ts": "70c7f2ee4e9466161350473ad61cac0b9f115cff4c552eaa7ef9d50c4cbb4cc9",
    "https://deno.land/std@0.192.0/async/pool.ts": "f1b8d3df4d7fd3c73f8cbc91cc2e8b8e950910f1eab94230b443944d7584c657",
    "https://deno.land/std@0.192.0/async/retry.ts": "6521c061a5ab24e8b1ae624bdc581c4243d1d574f99dc7f5a2a195c2241fb1b8",
    "https://deno.land/std@0.192.0/async/tee.ts": "47e42d35f622650b02234d43803d0383a89eb4387e1b83b5a40106d18ae36757",
    "https://deno.land/std@0.192.0/bytes/bytes_list.ts": "31d664f4d42fa922066405d0e421c56da89d751886ee77bbe25a88bf0310c9d0",
    "https://deno.land/std@0.192.0/bytes/concat.ts": "d26d6f3d7922e6d663dacfcd357563b7bf4a380ce5b9c2bbe0c8586662f25ce2",
    "https://deno.land/std@0.192.0/bytes/copy.ts": "939d89e302a9761dcf1d9c937c7711174ed74c59eef40a1e4569a05c9de88219",
    "https://deno.land/std@0.192.0/bytes/ends_with.ts": "4228811ebc71615d27f065c54b5e815ec1972538772b0f413c0efe05245b472e",
    "https://deno.land/std@0.192.0/bytes/equals.ts": "b87494ce5442dc786db46f91378100028c402f83a14a2f7bbff6bda7810aefe3",
    "https://deno.land/std@0.192.0/bytes/includes_needle.ts": "76a8163126fb2f8bf86fd7f22192c3bb04bf6a20b987a095127c2ca08adf3ba6",
    "https://deno.land/std@0.192.0/bytes/index_of_needle.ts": "65c939607df609374c4415598fa4dad04a2f14c4d98cd15775216f0aaf597f24",
    "https://deno.land/std@0.192.0/bytes/last_index_of_needle.ts": "7181072883cb4908c6ce8f7a5bb1d96787eef2c2ab3aa94fe4268ab326a53cbf",
    "https://deno.land/std@0.192.0/bytes/mod.ts": "e869bba1e7a2e3a9cc6c2d55471888429a544e70a840c087672e656e7ba21815",
    "https://deno.land/std@0.192.0/bytes/repeat.ts": "6f5e490d8d72bcbf8d84a6bb04690b9b3eb5822c5a11687bca73a2318a842294",
    "https://deno.land/std@0.192.0/bytes/starts_with.ts": "3e607a70c9c09f5140b7a7f17a695221abcc7244d20af3eb47ccbb63f5885135",
    "https://deno.land/std@0.192.0/encoding/base64.ts": "144ae6234c1fbe5b68666c711dc15b1e9ee2aef6d42b3b4345bf9a6c91d70d0d",
    "https://deno.land/std@0.192.0/flags/mod.ts": "17f444ddbee43c5487568de0c6a076c7729cfe90d96d2ffcd2b8f8adadafb6e8",
    "https://deno.land/std@0.192.0/fmt/colors.ts": "d67e3cd9f472535241a8e410d33423980bec45047e343577554d3356e1f0ef4e",
    "https://deno.land/std@0.192.0/fs/_util.ts": "fbf57dcdc9f7bc8128d60301eece608246971a7836a3bb1e78da75314f08b978",
    "https://deno.land/std@0.192.0/fs/ensure_dir.ts": "dc64c4c75c64721d4e3fb681f1382f803ff3d2868f08563ff923fdd20d071c40",
    "https://deno.land/std@0.192.0/http/server.ts": "1b23463b5b36e4eebc495417f6af47a6f7d52e3294827a1226d2a1aab23d9d20",
    "https://deno.land/std@0.192.0/jsonc/mod.ts": "b88dce28eb3645667caa856538ae2fe87af51410822544a0b45a4177ef3bd7dd",
    "https://deno.land/std@0.192.0/jsonc/parse.ts": "2910e33bc7c3b243e3b6f3a39ce4d6ca84337b277a8df6f2ad2d9e4adbcddc08",
    "https://deno.land/std@0.192.0/path/_constants.ts": "e49961f6f4f48039c0dfed3c3f93e963ca3d92791c9d478ac5b43183413136e0",
    "https://deno.land/std@0.192.0/path/_interface.ts": "6471159dfbbc357e03882c2266d21ef9afdb1e4aa771b0545e90db58a0ba314b",
    "https://deno.land/std@0.192.0/path/_util.ts": "d7abb1e0dea065f427b89156e28cdeb32b045870acdf865833ba808a73b576d0",
    "https://deno.land/std@0.192.0/path/common.ts": "ee7505ab01fd22de3963b64e46cff31f40de34f9f8de1fff6a1bd2fe79380000",
    "https://deno.land/std@0.192.0/path/glob.ts": "d479e0a695621c94d3fd7fe7abd4f9499caf32a8de13f25073451c6ef420a4e1",
    "https://deno.land/std@0.192.0/path/mod.ts": "f065032a7189404fdac3ad1a1551a9ac84751d2f25c431e101787846c86c79ef",
    "https://deno.land/std@0.192.0/path/posix.ts": "8b7c67ac338714b30c816079303d0285dd24af6b284f7ad63da5b27372a2c94d",
    "https://deno.land/std@0.192.0/path/separator.ts": "0fb679739d0d1d7bf45b68dacfb4ec7563597a902edbaf3c59b50d5bcadd93b1",
    "https://deno.land/std@0.192.0/path/win32.ts": "d186344e5583bcbf8b18af416d13d82b35a317116e6460a5a3953508c3de5bba",
    "https://deno.land/x/aleph@1.0.0-beta.44/framework/core/error.ts": "65b0dfaef2e8a77f857fdb6b953c4306d88af01690615bd8fb1a3570e336b255",
    "https://deno.land/x/aleph@1.0.0-beta.44/framework/core/events.ts": "d1d3d6a41a85bcaba8b624646c199736f5995108e3ac87d159e78832ea51efbd",
    "https://deno.land/x/aleph@1.0.0-beta.44/framework/core/redirect.ts": "b65f0cafdca115b41e6e1499e420655ea55d1f3c140e0784d640de59e3606185",
    "https://deno.land/x/aleph@1.0.0-beta.44/framework/core/router.ts": "cb5c1f3ed0d25578d4ec26491e5554992af5b7765ee5852a390b3785085f52d0",
    "https://deno.land/x/aleph@1.0.0-beta.44/framework/core/url_pattern.ts": "d218c6fe81646adb0dc164b7515a4eff959f4b64b975bfc2ee7696cb0864a3a3",
    "https://deno.land/x/aleph@1.0.0-beta.44/framework/react/client.ts": "f4ca7bc5b6f18faa4faae864cbd1b27cc000474f830d3066fe0f38e7823c5e92",
    "https://deno.land/x/aleph@1.0.0-beta.44/framework/react/context.ts": "ca3efebc3f1db76725969d8178e405e635c2825665b9b8573133c4ed63f3e2a4",
    "https://deno.land/x/aleph@1.0.0-beta.44/framework/react/data.ts": "4987ca0fc9fae3cbb61982c9136f2658173bd7971f7dcbc7e881a4b62d71e701",
    "https://deno.land/x/aleph@1.0.0-beta.44/framework/react/error.ts": "b5c784b1a3fac7d550b82780dd5ba4ff8d64a1293559ec7ec702e2905a4915a2",
    "https://deno.land/x/aleph@1.0.0-beta.44/framework/react/head.ts": "0bb40ded9a5e83371c6d43f6e3ecb6b506ce9b2eb9e2b13d6a4a86f62f269efa",
    "https://deno.land/x/aleph@1.0.0-beta.44/framework/react/link.ts": "d31aaff82526fb760b46e17212e07632398660a38d18fd82dec97baf533e709e",
    "https://deno.land/x/aleph@1.0.0-beta.44/framework/react/mod.ts": "8ae50b9efe8c0c6e9e4e076e3c5bd428c4c1e6645ff4c57e35935abdfa2266f4",
    "https://deno.land/x/aleph@1.0.0-beta.44/framework/react/plugin.ts": "cf0dbb9d5a30d2fd0a683f93dfd41fd41c0aa40d9bcb4d21ebedf949c6d23ac5",
    "https://deno.land/x/aleph@1.0.0-beta.44/framework/react/portal.ts": "57bffcf10ad1d1badc5ece9a1859ecbe2d22c4ddc86519d3e2e067c114ec436f",
    "https://deno.land/x/aleph@1.0.0-beta.44/framework/react/router.ts": "52c7cfb8020fafb3ce7c0855c76243870b8ce21d609ee7007e2a95ca32f0d859",
    "https://deno.land/x/aleph@1.0.0-beta.44/plugins/deploy.ts": "28f7d6059bf5fae09dca1817e16c133529544a2c908e56235ab5bdbd9e7a38f7",
    "https://deno.land/x/aleph@1.0.0-beta.44/plugins/mdx.ts": "081937e877da008f7403b9422f75eb1f22781a0159d8e8fa0c34c6885da98b3b",
    "https://deno.land/x/aleph@1.0.0-beta.44/server/build.ts": "9d165ff118e0652cb345e983de239c24760fc97960f5826fa4d40d7af06b6641",
    "https://deno.land/x/aleph@1.0.0-beta.44/server/cache.ts": "1f1118d4efa440a6c2ad1c55a98357e1d1406aefc40bdef5c102fa8969076cf2",
    "https://deno.land/x/aleph@1.0.0-beta.44/server/context.ts": "cd865dcaeb23703337e3d05908bbf9b5a068b3dfde6512cb7373cba540a3f8f6",
    "https://deno.land/x/aleph@1.0.0-beta.44/server/deps.ts": "766e991462a4c9958669ee25adf42e4065b25cd95b2ef3135609c05f23e752d0",
    "https://deno.land/x/aleph@1.0.0-beta.44/server/dev.ts": "dbd6fc2f52407ae2be19fbfd2da331ef42a0c68064badda3efadab5a1a9a6e27",
    "https://deno.land/x/aleph@1.0.0-beta.44/server/graph.ts": "15ca091aab1e06bef77508ce50c6010fe4e8d41653fba9529f9116657173d607",
    "https://deno.land/x/aleph@1.0.0-beta.44/server/handler.ts": "eb51c8f05ed44747d8c7e26921fc11a9146b220abe863f9852a8829e59016366",
    "https://deno.land/x/aleph@1.0.0-beta.44/server/helpers.ts": "3933d428b8f6eca1fe70cbbad1bbce068b27da32500f7185208558d687eb3820",
    "https://deno.land/x/aleph@1.0.0-beta.44/server/html.ts": "bb73e4b947b8883535795604434e8180edf97e27e4e4c1296d6fe59f4fa4eb24",
    "https://deno.land/x/aleph@1.0.0-beta.44/server/log.ts": "9c7abad7015f0dbd421cb1ec090da9e67f9854c8c0c5bef4d3b1202a6ab0af95",
    "https://deno.land/x/aleph@1.0.0-beta.44/server/media_type.ts": "2bce52b8eb4378b6a50f86130d644f0cfca1d43d5d6999debbbc8fe464891fc4",
    "https://deno.land/x/aleph@1.0.0-beta.44/server/mod.ts": "0a84dc1411ba6d99514416b4d066cf6421d7ea5a86e113b1bbe473ac7fd154f1",
    "https://deno.land/x/aleph@1.0.0-beta.44/server/renderer.ts": "90e396873cf76c75322552087998ab49ed07312e9a39f481986a74f40d053316",
    "https://deno.land/x/aleph@1.0.0-beta.44/server/router.ts": "16aa94bce034496b07cbfaf94d91aab5b9f9d87ff014bc3a4676f5d80dfaaeaf",
    "https://deno.land/x/aleph@1.0.0-beta.44/server/session.ts": "3e7720800601fbec15e6647ee893421e761a2fe054e79e1c12c4c5106259eac1",
    "https://deno.land/x/aleph@1.0.0-beta.44/server/transformer.ts": "e230a6d23d8a737447233fe3ca1efa4ec3960f367aaeadd92729a71e82b178c2",
    "https://deno.land/x/aleph@1.0.0-beta.44/shared/util.ts": "05b9c60ccb2216150f049615d185cc4a0bdd54829820a5ddc6f82641b4d4ff4f",
    "https://deno.land/x/aleph@1.0.0-beta.44/version.ts": "c735281d072759e60019fba2cb923e860e496c76998e9131ac4c8b5ea2694fd8",
    "https://deno.land/x/aleph_compiler@0.9.3/dist/compiler.js": "06518b3d7d4e2489c2425e824c107e96a0d08a53100b84ed0bc098f64ba575f2",
    "https://deno.land/x/aleph_compiler@0.9.3/dist/wasm.js": "89fb290e363a5dda5b77020c78b008700781dfc9dc2d445d1fc8c8bf1f1aaea1",
    "https://deno.land/x/aleph_compiler@0.9.3/mod.ts": "4e5bf63998a1d8293a98f7c2fd723e5768129b4421e00f47e504bb0cfd2312f8",
    "https://deno.land/x/aleph_compiler@0.9.3/types.ts": "83912306f6e51a1cb25723b982a2a4487efd66ac182447c07d5e2f074329366a",
    "https://deno.land/x/aleph_compiler@0.9.3/version.ts": "e094b6bae495fb6c416d822cdd9f136ee1ecc3f0669ce2c5a8a1b5c2e802bcf0",
    "https://deno.land/x/denoflate@1.2.1/mod.ts": "f5628e44b80b3d80ed525afa2ba0f12408e3849db817d47a883b801f9ce69dd6",
    "https://deno.land/x/denoflate@1.2.1/pkg/denoflate.js": "b9f9ad9457d3f12f28b1fb35c555f57443427f74decb403113d67364e4f2caf4",
    "https://deno.land/x/denoflate@1.2.1/pkg/denoflate_bg.wasm.js": "d581956245407a2115a3d7e8d85a9641c032940a8e810acbd59ca86afd34d44d",
    "https://deno.land/x/esbuild@v0.17.12/mod.js": "8e93e1a2ac8c86aa7160383f2474e189b47783c21a8930e0669523925e65aac5",
    "https://deno.land/x/lol_html@0.0.6/lol_html.js": "efa396ae3506f40d81af8917b2a04c955550f738774e5ba5e3d2f9b10bb3bd02",
    "https://deno.land/x/lol_html@0.0.6/mod.ts": "308001155134d2b3d65f55d25eada007c88aa01b5c4866ac02c59953c83563f2",
    "https://deno.land/x/lol_html@0.0.6/wasm.js": "74a2424ff8f77439c465e5bcac6a347095c3b3580e76211ce4a6c140a2e15c3f",
    "https://esm.sh/mitt@3.0.0?pin=v110": "ff6ea0dd8ec7614753aa23d879248fb147f78b31c844ae07eb31c247d60f8004",
    "https://esm.sh/stable/react@18.2.0/denonext/jsx-runtime.js": "54d8a51c6ca025380abd2d5302e4a9b38ff835d9759c4657e52314f587eaf6bf",
    "https://esm.sh/stable/react@18.2.0/denonext/react.mjs": "3c4f23bcfc53b256fcfaf6f834fa9f584c3bb7be667b2682c6cb6ba8ef88f8e6",
    "https://esm.sh/v110/mitt@3.0.0/denonext/mitt.mjs": "4afe21572fb471e15f6a9b7f139bcd12fdbc2e730e0f3e15eadb7d19e18a12f8",
    "https://esm.sh/v126/@mdx-js/mdx@2.3.0": "9b3f897146665d2ea37798b70d88a1a663935ffc18021af29a815d786d927bb5",
    "https://esm.sh/v126/@mdx-js/mdx@2.3.0/denonext/mdx.mjs": "2770753c876d58bd67e75317ef0d20f211a091f8bf08460148b4ca661dac58dd",
    "https://esm.sh/v126/acorn-jsx@5.3.2/denonext/acorn-jsx.mjs": "9737f5f0fa280f98fa9c8d967273cb29403dfbb0cc1a5549f8f00d4382c1a15a",
    "https://esm.sh/v126/acorn@8.8.2/denonext/acorn.mjs": "a3d255e58e025035f5bfa8414528b065ab5b213c4c163ee48770e910444e2dc4",
    "https://esm.sh/v126/astring@1.8.6/denonext/astring.mjs": "e851defe7aef30e249bd193857f24ff5b67cfd1f43058d685787efb1088a3c8c",
    "https://esm.sh/v126/bail@2.0.2/denonext/bail.mjs": "cab740cf24417dfad8567cbb78a49ae7e492ecca299f2b3185520805aba4d073",
    "https://esm.sh/v126/ccount@2.0.1/denonext/ccount.mjs": "7b32092651a866fcc992c028982ce5e911356da7653baa3febb1a8ccb93e30f8",
    "https://esm.sh/v126/character-entities-html4@2.1.0/denonext/character-entities-html4.mjs": "0b4e64d1b0152acbeec6d854eadce6ceb2de05b0f459ad47485afa206f745f10",
    "https://esm.sh/v126/character-entities-legacy@3.0.0/denonext/character-entities-legacy.mjs": "5da76ada1554e4956dc6b702ba92b56a3faf158b24bf45279c522e85f5d9cd21",
    "https://esm.sh/v126/character-entities@2.0.2/denonext/character-entities.mjs": "9e8657f056310ac3ca8058eaf96cef695ee13a4bf6c302674796a882464f305c",
    "https://esm.sh/v126/character-reference-invalid@2.0.1/denonext/character-reference-invalid.mjs": "41034e591247fb2bc6a12dd190e776b84cfe1da74e984fef3efbff2a97814d53",
    "https://esm.sh/v126/comma-separated-tokens@2.0.3/denonext/comma-separated-tokens.mjs": "ad5df8a36487e0a63d15bbbb6bab8b153e08583d0d5eb6d0058cd0fc619252e0",
    "https://esm.sh/v126/decode-named-character-reference@1.0.2/denonext/decode-named-character-reference.mjs": "311744565c97732b6cc0694072ccc802a68432f081748becdf8547d433bddcb5",
    "https://esm.sh/v126/escape-string-regexp@5.0.0/denonext/escape-string-regexp.mjs": "6080dd39c43a11f999a41172a27b8c58572d747d8276c039d93d4be8b21747a5",
    "https://esm.sh/v126/estree-util-attach-comments@2.1.1/denonext/estree-util-attach-comments.mjs": "9f2cff60c9b50af23bc0eb417470a87ee0c084869f8cf52517bd8743e2c396b7",
    "https://esm.sh/v126/estree-util-build-jsx@2.2.2/denonext/estree-util-build-jsx.mjs": "e2cae77f532553e7faa778aca039b928474fc42031ce68a33936e1ec5af7df0f",
    "https://esm.sh/v126/estree-util-is-identifier-name@2.1.0/denonext/estree-util-is-identifier-name.mjs": "33d1d44d1ad058dae5d22b2219951e47c1f15ffc2014a3293cd184609d622b7c",
    "https://esm.sh/v126/estree-util-to-js@1.2.0/denonext/estree-util-to-js.mjs": "f80948c5f0125ee52362ba16014f591f92701017a09adcab664af003c31db77e",
    "https://esm.sh/v126/estree-util-visit@1.2.1/denonext/estree-util-visit.mjs": "c5d26fc14dd6dce9464e8e1f38ce2fc367372144d3f953d27074de9001a63abf",
    "https://esm.sh/v126/estree-walker@3.0.3/denonext/estree-walker.mjs": "099c406b0a95d6e021b603fd38955620ffe70a69189beb4509a2f06670c30c2f",
    "https://esm.sh/v126/extend@3.0.2/denonext/extend.mjs": "6ab9e4890dfa54ec88fa326fca525c211141d6da72188f54e9610d1281219c9e",
    "https://esm.sh/v126/fault@2.0.1/denonext/fault.mjs": "4e0da61b509d7e638f334b207b9317ab7d9073928ebcd9f5b85d1e429eb35aa0",
    "https://esm.sh/v126/format@0.2.2/denonext/format.mjs": "4b5f307e1a0dab630893e8f5c91c4b38541d29b640ba6977adfecb2a22d3647d",
    "https://esm.sh/v126/github-slugger@1.5.0/denonext/github-slugger.mjs": "aff8b9cf584d0483e2423738deefd27bb98dcecc4dca65d522050e0e291f2429",
    "https://esm.sh/v126/hast-util-has-property@2.0.1/denonext/hast-util-has-property.mjs": "048e2e7410fe0c94adaf13a23be52cc4d1ded111241c55ea62735161554a6d88",
    "https://esm.sh/v126/hast-util-heading-rank@2.1.1/denonext/hast-util-heading-rank.mjs": "18b7a7528e6f1fe55658f9b04a2a9a5652dfc5adfff9264068aacf63de796e54",
    "https://esm.sh/v126/hast-util-is-element@2.1.3/denonext/hast-util-is-element.mjs": "c1c57613a9ccf9f53e518ac56bd5c66f48bd2e9881b1bc6c6b83193f7e93115c",
    "https://esm.sh/v126/hast-util-to-estree@2.3.3/denonext/hast-util-to-estree.mjs": "d3df3e6a6ae2fafe53336abbe502aa977ac540b2acb7fbc1df6723ee695954ac",
    "https://esm.sh/v126/hast-util-to-string@2.0.0/denonext/hast-util-to-string.mjs": "5c8ecf2b2754f8addf28d5e207c37b17972708b0e2a63055452a8c4013911ca1",
    "https://esm.sh/v126/hast-util-to-text@3.1.2/denonext/hast-util-to-text.mjs": "520c0560a295be3b117b8820bcf717880db4e879894d83dc0723a94b6202ab1a",
    "https://esm.sh/v126/hast-util-whitespace@2.0.1/denonext/hast-util-whitespace.mjs": "0d45cf1a1b1d7ba26d5a3f2fda8c929b02ef701786e656ade327d8c3f7b390bb",
    "https://esm.sh/v126/highlight.js@11.7.0/denonext/lib/core.js": "c9472a01dc6b7c4cec02b796ba5fa7fca8c58d075af2723a7343596a242d0810",
    "https://esm.sh/v126/highlight.js@11.7.0/denonext/lib/languages/arduino.js": "be61e8d2faba8e16e5625e9751715dfde462ef0ff4ef5e47221a937d3ce69635",
    "https://esm.sh/v126/highlight.js@11.7.0/denonext/lib/languages/bash.js": "bc20bd254d587659359a241d41202d3e66eae29712bcd5a52e94aa5aa4f2b43f",
    "https://esm.sh/v126/highlight.js@11.7.0/denonext/lib/languages/c.js": "430e42005e0a9dfd7b7728a384376b3fa60e6f6a9df394b898dfbeda6d9af31c",
    "https://esm.sh/v126/highlight.js@11.7.0/denonext/lib/languages/cpp.js": "c5df14b4f9e3784018dd1c81844591a36b40551cdee53ee36deb1faf3fd78af3",
    "https://esm.sh/v126/highlight.js@11.7.0/denonext/lib/languages/csharp.js": "a3dea138289f583f7aea06e4550784a2277579e84d80d4d51cddbe7f2bc7d704",
    "https://esm.sh/v126/highlight.js@11.7.0/denonext/lib/languages/css.js": "73b9c9580f2a2079350645a65a68eefa1bd1ec1622a0cb6c1f5f2bb858293803",
    "https://esm.sh/v126/highlight.js@11.7.0/denonext/lib/languages/diff.js": "c4f7b6018f97df898af71e1f43c679ac7d08401309ffa2fd6d53728ee88756ff",
    "https://esm.sh/v126/highlight.js@11.7.0/denonext/lib/languages/go.js": "9e725a00939eb19ed3f8f561c4df312c1bd4df7c676fada362d266499c9fb482",
    "https://esm.sh/v126/highlight.js@11.7.0/denonext/lib/languages/graphql.js": "6278cef25603fa9d35cb526a3cabe89c312e9a886466f2cb8e2940f53af1ca0d",
    "https://esm.sh/v126/highlight.js@11.7.0/denonext/lib/languages/ini.js": "d72169d8a5597abf418e463a41b54b93e666f661ee6dbf786660250cc1d9216c",
    "https://esm.sh/v126/highlight.js@11.7.0/denonext/lib/languages/java.js": "34d1cef39f9bda081ab6d7b3467053b573b26b8c9b4a63ef3120602f62bc91f9",
    "https://esm.sh/v126/highlight.js@11.7.0/denonext/lib/languages/javascript.js": "8b0ac72df65083e06a9858fcd26ca562e2c1e58af64d2b3796897c4e527bd7d9",
    "https://esm.sh/v126/highlight.js@11.7.0/denonext/lib/languages/json.js": "aceb8be8694502383c756e28cac54664d180b09a87eba10c0978e33057eb205a",
    "https://esm.sh/v126/highlight.js@11.7.0/denonext/lib/languages/kotlin.js": "c679faca4c9d9b469ff546e6436e1020284469f9515942dfefab5f2e8c331f6d",
    "https://esm.sh/v126/highlight.js@11.7.0/denonext/lib/languages/less.js": "b71e83a975f948516387de3bc8112407ccf777641aaf3f701130fdf2ab194af9",
    "https://esm.sh/v126/highlight.js@11.7.0/denonext/lib/languages/lua.js": "42d98bb5d3970940ef7e4e84395e17440b8a70d3ef846f1e31795c48f2c004ca",
    "https://esm.sh/v126/highlight.js@11.7.0/denonext/lib/languages/makefile.js": "4d4a005073260c6b365a0352755b626317119a5546f47b5a7189deb214e664ae",
    "https://esm.sh/v126/highlight.js@11.7.0/denonext/lib/languages/markdown.js": "5cf6fef74f616c06470e73740cf820ba18c0078a017a941d34d8636b44d70487",
    "https://esm.sh/v126/highlight.js@11.7.0/denonext/lib/languages/objectivec.js": "5e03922a7b268fd010780f980796584c2e3eef4ca1fa6709c185a4d857a7584f",
    "https://esm.sh/v126/highlight.js@11.7.0/denonext/lib/languages/perl.js": "4d367267c18f488f6fbce2389bb727b5728b483a5d4d78706ef044c17b84a714",
    "https://esm.sh/v126/highlight.js@11.7.0/denonext/lib/languages/php-template.js": "2a040056b76f2e1f7c11a10f49b7b193664d4bb8ce76c14bba4d0a0707f1a265",
    "https://esm.sh/v126/highlight.js@11.7.0/denonext/lib/languages/php.js": "72d6f86f7ea07441e467e01d609616e0185ddd930d927afc91ad48ee2e056d44",
    "https://esm.sh/v126/highlight.js@11.7.0/denonext/lib/languages/plaintext.js": "9d2d5fa6a40b685619825695b9e97ae3ebdaa46710a0bc99cb31c5586e918ac7",
    "https://esm.sh/v126/highlight.js@11.7.0/denonext/lib/languages/python-repl.js": "398e5d08fea7cd2247aac5d2126197af1c1187394640c961dc2625a11f1ce269",
    "https://esm.sh/v126/highlight.js@11.7.0/denonext/lib/languages/python.js": "73237d58ec749a062033e7a6761c2d6fb4ba9a8edb26ca9104a69dda1912397a",
    "https://esm.sh/v126/highlight.js@11.7.0/denonext/lib/languages/r.js": "651e9651ecfd6db317a71dd8af60de0e48c09651c1c6971dde495c1bdd80ddb3",
    "https://esm.sh/v126/highlight.js@11.7.0/denonext/lib/languages/ruby.js": "cac41f88bf008b8229a770d99124c4f9492f2ac5fa9689c04100ddf78bff990d",
    "https://esm.sh/v126/highlight.js@11.7.0/denonext/lib/languages/rust.js": "0e92ad27403d76da82c215097c0df89f1c4f3fa89cc5259ccbd3d8e36fc9f2a6",
    "https://esm.sh/v126/highlight.js@11.7.0/denonext/lib/languages/scss.js": "88cd786771689eccda533482120b54314324d4d87d1ce51ee02aebf6d041a9df",
    "https://esm.sh/v126/highlight.js@11.7.0/denonext/lib/languages/shell.js": "85da85adc32819af6f76e0d24dddf83bf6f97ea0581727788e4582a883d4c506",
    "https://esm.sh/v126/highlight.js@11.7.0/denonext/lib/languages/sql.js": "d5b5db35ef0c3008a78909b60727fbb4c47d232ca6a20fe5cfae85ab7ce78c09",
    "https://esm.sh/v126/highlight.js@11.7.0/denonext/lib/languages/swift.js": "7e0d04383834fa066f29ad25ac25d4b01da7ac29528894a56318bb38fb13fcf7",
    "https://esm.sh/v126/highlight.js@11.7.0/denonext/lib/languages/typescript.js": "aaa4b023d7126f5c115b62b5a8e4b77f5fba16fe3e5d99bf8a529a5094f6aae9",
    "https://esm.sh/v126/highlight.js@11.7.0/denonext/lib/languages/vbnet.js": "d8e47aae7b7a6934d3ab2dfe90fbf828f7a5f65891d24e56c5ec231406779399",
    "https://esm.sh/v126/highlight.js@11.7.0/denonext/lib/languages/wasm.js": "a89987812ccd278e3488e094528ffbe38e817fb209242929bf5af6657ca10775",
    "https://esm.sh/v126/highlight.js@11.7.0/denonext/lib/languages/xml.js": "bc50b7142aaad96f90d7494514f95ea4e0a5fc0edbcf46c1bf748e157a260d11",
    "https://esm.sh/v126/highlight.js@11.7.0/denonext/lib/languages/yaml.js": "387bef077fb5e85f6feeb936d72e774c75d675ec71dfd78fda7f27c821c0b36e",
    "https://esm.sh/v126/inline-style-parser@0.1.1/denonext/inline-style-parser.mjs": "dada755a348883a0b1b65f2222b2594be53ceb83c4270c5586298ef1a8de5a30",
    "https://esm.sh/v126/is-alphabetical@2.0.1/denonext/is-alphabetical.mjs": "d0feb3b8b248c1c89544825a12db253946e94532c3ba2df47c5ce9ed06a10242",
    "https://esm.sh/v126/is-alphanumerical@2.0.1/denonext/is-alphanumerical.mjs": "89a4ad930c511ae78ec6a772ec59bb0d2ba815a92028bbe94d15e241cdbcbd15",
    "https://esm.sh/v126/is-buffer@2.0.5/denonext/is-buffer.mjs": "87d027d2c668d773b7037bd49fc1c12ed6af26b9f176aacf338c7901237b8867",
    "https://esm.sh/v126/is-decimal@2.0.1/denonext/is-decimal.mjs": "d58375f587816fc947898747f8e6986158dec29151c185e7a510641b17668e46",
    "https://esm.sh/v126/is-hexadecimal@2.0.1/denonext/is-hexadecimal.mjs": "7e5d0abd99e5d66839f55c05df59e144465bfa47ce974815557481d53d6fd919",
    "https://esm.sh/v126/is-plain-obj@4.1.0/denonext/is-plain-obj.mjs": "d3d86a7174ad7935de7b00f904b6424c103bce530c502efb7f42114cbb1a555f",
    "https://esm.sh/v126/is-reference@3.0.1/denonext/is-reference.mjs": "e6888bd3f110756efbdf1b678c1b8fcfbff47e06e37c5226550c02fcc6c8793c",
    "https://esm.sh/v126/lowlight@2.8.1/denonext/lowlight.mjs": "1816e924364060af5d9997ac7dc417b9e527772f381380778743d442af454676",
    "https://esm.sh/v126/markdown-extensions@1.1.1/denonext/markdown-extensions.mjs": "243d74e0d6bec93ad267840d6f0352e58c214e1a0dc64b645512a405b1c0f080",
    "https://esm.sh/v126/markdown-table@3.0.3/denonext/markdown-table.mjs": "1dd9cb2d2d95fc440cc10489ac77bf979c944e76070997d962e05f627f45df0e",
    "https://esm.sh/v126/mdast-util-definitions@5.1.2/denonext/mdast-util-definitions.mjs": "69a0f535179db96d710a1cfd25b32e415c84fdada201eecec15ffc300d8b362e",
    "https://esm.sh/v126/mdast-util-find-and-replace@2.2.2/denonext/mdast-util-find-and-replace.mjs": "27ff9880b31a41249e54f79134fc1c68b759e4a7c8f38eaf42eb6d9e553a08ac",
    "https://esm.sh/v126/mdast-util-from-markdown@1.3.1/denonext/mdast-util-from-markdown.mjs": "012ef30143f9a1a6633c90d4c74d4b96a9a4e055f2d912013f7b55d9e0d1a1dd",
    "https://esm.sh/v126/mdast-util-frontmatter@1.0.1/denonext/mdast-util-frontmatter.mjs": "350508f6fb7d143c25254a81fcc723313f49b9edba76d44d109da192a522b7e7",
    "https://esm.sh/v126/mdast-util-gfm-autolink-literal@1.0.3/denonext/mdast-util-gfm-autolink-literal.mjs": "8fa40ac7906309aeb7f8d6b25af97394b818fdab50f3d3487eff566ad9cfe1e0",
    "https://esm.sh/v126/mdast-util-gfm-footnote@1.0.2/denonext/mdast-util-gfm-footnote.mjs": "eec1fbdc934dfb1724bb9bcb0cbeb03affe186b669639211cc8e5323787c69cf",
    "https://esm.sh/v126/mdast-util-gfm-strikethrough@1.0.3/denonext/mdast-util-gfm-strikethrough.mjs": "7417536067575e9dfcbc400d8229572b2b62b3b13e6c0a17e211cbfffaebfb70",
    "https://esm.sh/v126/mdast-util-gfm-table@1.0.7/denonext/mdast-util-gfm-table.mjs": "9d220e873b6d18dc65e4e4dd39960993bac3f7d72f2f86e3620674ddb1dca3d0",
    "https://esm.sh/v126/mdast-util-gfm-task-list-item@1.0.2/denonext/mdast-util-gfm-task-list-item.mjs": "5286a3bd2a2a785307e5e627629dcae9e3cecaf6610a735c47fae846d3cade9f",
    "https://esm.sh/v126/mdast-util-gfm@2.0.2/denonext/mdast-util-gfm.mjs": "dc44251bc76da29bd9fca6cf26fa860e6c3e96f0cadf997036b21065837f8ad3",
    "https://esm.sh/v126/mdast-util-mdx-expression@1.3.2/denonext/mdast-util-mdx-expression.mjs": "bb8dfedfbccf3b19fde48ce4f581f4ded382f11b7a25deb7819a0457e8f1441f",
    "https://esm.sh/v126/mdast-util-mdx-jsx@2.1.4/denonext/mdast-util-mdx-jsx.mjs": "e96e4ced2aa428b27c56b9b24b51f0b61cdcf73aa6f83ac4b11e4bd04e3421cd",
    "https://esm.sh/v126/mdast-util-mdx@2.0.1/denonext/mdast-util-mdx.mjs": "5693710a0a86f5a8c7ee470167dab288b88d3808de4e8fad68d63ca4999da718",
    "https://esm.sh/v126/mdast-util-mdxjs-esm@1.3.1/denonext/mdast-util-mdxjs-esm.mjs": "515122865f524770f869c12f7c6484e5dddd195dce225002933ca37a4d10e823",
    "https://esm.sh/v126/mdast-util-to-hast@12.3.0/denonext/mdast-util-to-hast.mjs": "6608824ba8e9ce64ead85dfdf427b250b5499d5bb095f4cd1ab2dbddc6e67435",
    "https://esm.sh/v126/mdast-util-to-markdown@1.5.0/denonext/lib/handle/inline-code.js": "25f46b363e45574512e3d3b6809723e1932ab5f083844f678d328fcbcceb0de7",
    "https://esm.sh/v126/mdast-util-to-markdown@1.5.0/denonext/lib/handle/list-item.js": "eb22d954d06771aefcb41c19eb7f3cb33da6fc2c19b32b03f775494e1434b46a",
    "https://esm.sh/v126/mdast-util-to-markdown@1.5.0/denonext/lib/util/association.js": "ba392fdba6b10c10f05d72ec4b6347f11354d2b0eadbe8dae9c55e4dc11c70ab",
    "https://esm.sh/v126/mdast-util-to-markdown@1.5.0/denonext/lib/util/check-bullet.js": "e83d8c646baf55f05e748d79b1385f9fe3cfd6777fb1bed12db9e7158d919923",
    "https://esm.sh/v126/mdast-util-to-markdown@1.5.0/denonext/lib/util/check-list-item-indent.js": "078ba786c4ce3e8856293bd07a3d1f90c2361fe0105515318db91826ffade50d",
    "https://esm.sh/v126/mdast-util-to-markdown@1.5.0/denonext/lib/util/container-flow.js": "3735de16d58105c485c3eb304a700407b6108d81812c7623c50803dc68fa9498",
    "https://esm.sh/v126/mdast-util-to-markdown@1.5.0/denonext/lib/util/container-phrasing.js": "d37cbf5f47656c0dca1c974e7438383f1ad0d2f376ec8351d25a89ee46ff050f",
    "https://esm.sh/v126/mdast-util-to-markdown@1.5.0/denonext/lib/util/indent-lines.js": "f0c00ce02a330300bc74968470617e408bcdf48dd85e640e79aab57ed443bf4f",
    "https://esm.sh/v126/mdast-util-to-markdown@1.5.0/denonext/lib/util/pattern-compile.js": "4ebc0164937098ef8af0b629194b40311f26ac5f8133249f1650110fc9e64c50",
    "https://esm.sh/v126/mdast-util-to-markdown@1.5.0/denonext/lib/util/pattern-in-scope.js": "63e242dc83469e5120302533bdbeb7a4a9a778d336b1e785a9dc5a436c620145",
    "https://esm.sh/v126/mdast-util-to-markdown@1.5.0/denonext/lib/util/safe.js": "6e9a1380c5029bc9e0cd9967420e3021279097ff0821247e85d5b11808058a39",
    "https://esm.sh/v126/mdast-util-to-markdown@1.5.0/denonext/lib/util/track.js": "a91cdbfc1a4aed4b623ec3a5a553745b55fa8554722304ce31a4b6b98645d33d",
    "https://esm.sh/v126/mdast-util-to-string@3.2.0/denonext/mdast-util-to-string.mjs": "64fef8fd2a9fdb8abcff4ff6c086c273123c0833c13e465d6c9f82332d1e239c",
    "https://esm.sh/v126/micromark-core-commonmark@1.1.0/denonext/micromark-core-commonmark.mjs": "ad946c67dd82b2973a625953e16ffb4d595c89a543fb5984f0446b29875d4185",
    "https://esm.sh/v126/micromark-extension-frontmatter@1.1.1/denonext/matters.js": "d6e931310e19a44de4b88dc79684c60b61a20117ee18711bdf7ec4ae66380948",
    "https://esm.sh/v126/micromark-extension-frontmatter@1.1.1/denonext/micromark-extension-frontmatter.mjs": "2d9484eed3b64d9ba109c4d7dbaaa0e1dbc81d99628cfea552e01a2381c1578d",
    "https://esm.sh/v126/micromark-extension-gfm-autolink-literal@1.0.5/denonext/micromark-extension-gfm-autolink-literal.mjs": "cecd9d14e62b6597475383b79d4d1c9c4d0d5515f266051b58aca1b301fe6e7b",
    "https://esm.sh/v126/micromark-extension-gfm-footnote@1.1.2/denonext/micromark-extension-gfm-footnote.mjs": "b2c2733d505c04432d5c8c8228056a7a05ba9c2ebd1981bcda930ac9b6d5cd7b",
    "https://esm.sh/v126/micromark-extension-gfm-strikethrough@1.0.7/denonext/micromark-extension-gfm-strikethrough.mjs": "aec3746717bd00c7fd30eaad06702dbf7eb390e841dbf05f40468bd200d5b009",
    "https://esm.sh/v126/micromark-extension-gfm-table@1.0.7/denonext/micromark-extension-gfm-table.mjs": "a0445ec1936c77f03b8ce22f59e0b360a365b9a63a42d85c0942a27caac856fb",
    "https://esm.sh/v126/micromark-extension-gfm-tagfilter@1.0.2/denonext/micromark-extension-gfm-tagfilter.mjs": "b5d2226cdadb016da79889a312bdd56561f7dd8c1a444efe92d79bba635ae119",
    "https://esm.sh/v126/micromark-extension-gfm-task-list-item@1.0.5/denonext/micromark-extension-gfm-task-list-item.mjs": "dc81d93919f801f95fcf339de54a412edd13eb97a656254524d4be15938759be",
    "https://esm.sh/v126/micromark-extension-gfm@2.0.3/denonext/micromark-extension-gfm.mjs": "268c501bb321ae4855d1703b26eb921805513d4aecf79abc5360200cad7d99fd",
    "https://esm.sh/v126/micromark-extension-mdx-expression@1.0.8/denonext/micromark-extension-mdx-expression.mjs": "814020367dd9b20fe263efce5c6ca646ee5c548bb97c1ee45143626bcb02fc92",
    "https://esm.sh/v126/micromark-extension-mdx-jsx@1.0.5/denonext/micromark-extension-mdx-jsx.mjs": "b8d7fd0319f066e99edaffb72f2fc7fa2b8ee0f4ff1bf2ba4d162c46ef05bc6d",
    "https://esm.sh/v126/micromark-extension-mdx-md@1.0.1/denonext/micromark-extension-mdx-md.mjs": "9f87bd90fe2f7c81cb15a06ce5b74d4378da3e333f2ee866fcf63914c52c2341",
    "https://esm.sh/v126/micromark-extension-mdxjs-esm@1.0.5/denonext/micromark-extension-mdxjs-esm.mjs": "55fd6e6dc092920d149b336b3949edb53b4c247bef387b017187f2e8bb799859",
    "https://esm.sh/v126/micromark-extension-mdxjs@1.0.1/denonext/micromark-extension-mdxjs.mjs": "d592ef167da518e86b8db2b515f471ad38452368ff8ac72299b2137ca286264f",
    "https://esm.sh/v126/micromark-factory-destination@1.1.0/denonext/micromark-factory-destination.mjs": "057d302d7a1e0c49e4a1be4b31da5e58954dfe4e8500eaf73351ffc062353ae6",
    "https://esm.sh/v126/micromark-factory-label@1.1.0/denonext/micromark-factory-label.mjs": "fd9ecc287b44f3c53b9b58b6433796bb7166ee04702600892eacb558832b47e6",
    "https://esm.sh/v126/micromark-factory-mdx-expression@1.0.9/denonext/micromark-factory-mdx-expression.mjs": "8b63468f80772501f68535892617c7edcbeba5b5da21e0b081a7cef2128a2c54",
    "https://esm.sh/v126/micromark-factory-space@1.1.0/denonext/micromark-factory-space.mjs": "d355c0f3a415e7dcc22df8b1415c49bf01c68d7619b210876b25be6e68b7ef6b",
    "https://esm.sh/v126/micromark-factory-title@1.1.0/denonext/micromark-factory-title.mjs": "883e9d955683ce87dfadeaaa7ff5e2504fe7acfaa19511f4f9483c86e77f370c",
    "https://esm.sh/v126/micromark-factory-whitespace@1.1.0/denonext/micromark-factory-whitespace.mjs": "3f0560f28b80c3d371b040b613d9def29af66025c85489ccb19339c43b38d8a6",
    "https://esm.sh/v126/micromark-util-character@1.2.0/denonext/micromark-util-character.mjs": "be2f95646c829378e2f33d0e8b03e7e057f2387cd54f9c18c3d48a87fbc909c9",
    "https://esm.sh/v126/micromark-util-chunked@1.1.0/denonext/micromark-util-chunked.mjs": "896f816c52b791283f998076bcea3ff9a4bbd2bf858d96be6079400939ae8c9d",
    "https://esm.sh/v126/micromark-util-classify-character@1.1.0/denonext/micromark-util-classify-character.mjs": "212d21f0ab913eab58ca95b7501ec7581224b837ca6eb336f2447a9305a16bfc",
    "https://esm.sh/v126/micromark-util-combine-extensions@1.1.0/denonext/micromark-util-combine-extensions.mjs": "eca0adf8ce491fec952cfb095002991076dc11fe8452880a4f66aa4f4fd5a9e7",
    "https://esm.sh/v126/micromark-util-decode-numeric-character-reference@1.1.0/denonext/micromark-util-decode-numeric-character-reference.mjs": "d9d2a8fc3648db44a49c0284d088db354b39c5623e1497c4127ad103594a7948",
    "https://esm.sh/v126/micromark-util-decode-string@1.1.0/denonext/micromark-util-decode-string.mjs": "40853eb51ebb358b05472b5af0ad480e2c2b0e589d7711316c86f0972b91bee7",
    "https://esm.sh/v126/micromark-util-encode@1.1.0/denonext/micromark-util-encode.mjs": "e9c399d8913ebe2b736a8259fb061740fd8ad632e7f933e27fb67f442c7e48e3",
    "https://esm.sh/v126/micromark-util-events-to-acorn@1.2.3/denonext/micromark-util-events-to-acorn.mjs": "ff3ac8c7d5ef8fe9f14c553b11519bde8f3f96e698378241f8add2d4ea8bc01f",
    "https://esm.sh/v126/micromark-util-html-tag-name@1.2.0/denonext/micromark-util-html-tag-name.mjs": "81ed9b1fe3f6dd5290991b4bf39d034ddfd6cdbb4f5352ab61769e4c2eb3fbd3",
    "https://esm.sh/v126/micromark-util-normalize-identifier@1.1.0/denonext/micromark-util-normalize-identifier.mjs": "27b873a22954a139d8215b722b0a867b4f1f718cd261ea3f884f997a0d3e0e08",
    "https://esm.sh/v126/micromark-util-resolve-all@1.1.0/denonext/micromark-util-resolve-all.mjs": "ee8f55a86b2bfcc1be3d15bbd8b106755a51916ae4c75c962cc044f6b2a22d46",
    "https://esm.sh/v126/micromark-util-sanitize-uri@1.2.0/denonext/micromark-util-sanitize-uri.mjs": "0eb8e90e9caaf60f6980cb894f7b106f4ecdcf1dc65235e2badeaa95655a423a",
    "https://esm.sh/v126/micromark-util-subtokenize@1.1.0/denonext/micromark-util-subtokenize.mjs": "536d895eb2d6c2d5407e10bad3744634106bba4d73e6b4d032efa2d304963982",
    "https://esm.sh/v126/micromark@3.2.0/denonext/lib/parse.js": "cf6a90525c8eca1ac80e4e80edc0ab2df3502c14113686a1450eb422f208208a",
    "https://esm.sh/v126/micromark@3.2.0/denonext/lib/postprocess.js": "28cf7a99d3b9164ce556fdc3a97890801c85155488fc77e3f6914d78e66aa53b",
    "https://esm.sh/v126/micromark@3.2.0/denonext/lib/preprocess.js": "786db83c43e9d21f14bc37b6c05f061ca4a1db862ffed10c07ca1e6843f73fae",
    "https://esm.sh/v126/mitt@3.0.0": "41ca510c85d0aaee3ab7c09273a4f394afff976a14398c1611037b82c24e0a21",
    "https://esm.sh/v126/mitt@3.0.0/denonext/mitt.mjs": "4afe21572fb471e15f6a9b7f139bcd12fdbc2e730e0f3e15eadb7d19e18a12f8",
    "https://esm.sh/v126/parse-entities@4.0.1/denonext/parse-entities.mjs": "8fd448745e0984dbe2ba43ddcfadb3bde8d81c441b1333a111ff4901ce439219",
    "https://esm.sh/v126/periscopic@3.1.0/denonext/periscopic.mjs": "743d00a47821d98aeb6c68fe1a0e9d909b32aa9947bcdec71be40fbbf42f9839",
    "https://esm.sh/v126/property-information@6.2.0/denonext/property-information.mjs": "c36042799161605d2ba2af318abf697a41e77e7ef5c80f5740de470db7776b9c",
    "https://esm.sh/v126/rehype-highlight@5.0.2": "26f2a26362445576d6de0287b1b36e1823fa052bd1d3a327efed91a40636dc47",
    "https://esm.sh/v126/rehype-highlight@5.0.2/denonext/rehype-highlight.mjs": "b648088e073410a3d191797cfe27ee2fc2bf1ca6104f695b081b0cef7df0b2e3",
    "https://esm.sh/v126/rehype-slug@5.0.1": "e16f9ea0073de14fe8f9176b58afaf2e9418acf9e6690bbf71d70b0505d184f5",
    "https://esm.sh/v126/rehype-slug@5.0.1/denonext/rehype-slug.mjs": "b8c1c9ccdc191fe181c0e7fba1bdff41a1fb4e9151404cd791fbebb68de4b735",
    "https://esm.sh/v126/remark-frontmatter@4.0.1": "8c5eb811b695672cba27b7324629b6a1f9ff9fee805ca29d38f4a8a619ad82b7",
    "https://esm.sh/v126/remark-frontmatter@4.0.1/denonext/remark-frontmatter.mjs": "aaed92c72efbb86036c36daad84435fe296d7c850d2e0950718b6cd080cf903b",
    "https://esm.sh/v126/remark-gfm@3.0.1": "288058580a5924393aa84ce90a3daef6639576132b1fb06345a0404a74a81522",
    "https://esm.sh/v126/remark-gfm@3.0.1/denonext/remark-gfm.mjs": "2dcdd9e550c9fd633b094ce5ca362a65d2ccf75e7ed077a80ed421d0f1143950",
    "https://esm.sh/v126/remark-mdx@2.3.0/denonext/remark-mdx.mjs": "c34898b2c0636a7b835be6c5732e4a2d0b72c420bf3768c2cd3b260aecbe7a37",
    "https://esm.sh/v126/remark-parse@10.0.2/denonext/remark-parse.mjs": "d564c6c523c2dc01ab67cfbf9f730dd0648ffe4d475821b971740a5e1ea12cb2",
    "https://esm.sh/v126/remark-rehype@10.1.0/denonext/remark-rehype.mjs": "7407bdde1ce578f372e21a2c2b91fc120f7450ef1adbdeb2932793e1607c4392",
    "https://esm.sh/v126/space-separated-tokens@2.0.2/denonext/space-separated-tokens.mjs": "f30773a9959cacfe7511c250e5d125a9f88ee00d3aef6e87b4d17fe49806b276",
    "https://esm.sh/v126/stringify-entities@4.0.3/denonext/stringify-entities.mjs": "7976f0f622431cde0ca8454f12f2c9b4ddbddf92e16c651125fa556be0d9a2d4",
    "https://esm.sh/v126/style-to-object@0.4.1/denonext/style-to-object.mjs": "c872ca2555001175c5d635b871cce428b0a61ab77cbd1cdcfb010d14046129d2",
    "https://esm.sh/v126/trim-lines@3.0.1/denonext/trim-lines.mjs": "f01a20253341eb2554f307ab05bc9cd93d6f33bcbb24fde2fc9fcd857564283e",
    "https://esm.sh/v126/trough@2.1.0/denonext/trough.mjs": "d7c1b66bf8739a28bcc6bbf17919f6b54b7b25cceabfb0e694d192232c83f1fd",
    "https://esm.sh/v126/unified@10.1.2/denonext/unified.mjs": "e2c3536d6e820119f5e364c04eeb0c87b134d84950b9d6cfbae8ec41fbcd375b",
    "https://esm.sh/v126/unist-util-find-after@4.0.1/denonext/unist-util-find-after.mjs": "1d4ad43ea838b902ca6951ef59ae7bad2d45c1abfdc9f6f46137f7d99669916c",
    "https://esm.sh/v126/unist-util-generated@2.0.1/denonext/unist-util-generated.mjs": "ff9c54405f6aedb39847fd975a3f528129089e74dd61e9408d5b1b09d8a13dc1",
    "https://esm.sh/v126/unist-util-is@5.2.1/denonext/unist-util-is.mjs": "771abea65db57c71e2a3d98200242c362337617e63881fc9954e891dde32277c",
    "https://esm.sh/v126/unist-util-position-from-estree@1.1.2/denonext/unist-util-position-from-estree.mjs": "54ebb3d684a63220a40c5d70066850fafc5ba0c092b9e4c42fc99e4964378632",
    "https://esm.sh/v126/unist-util-position@4.0.4/denonext/unist-util-position.mjs": "be87a00f3663c09267443ef900692719014d966ef84969cb9ad7b9cfc4cd6157",
    "https://esm.sh/v126/unist-util-stringify-position@3.0.3/denonext/unist-util-stringify-position.mjs": "e3b2256d68ec8d5ceeb204afe84492e69182ad264a876309a33def43aa34111d",
    "https://esm.sh/v126/unist-util-visit-parents@5.1.3/denonext/unist-util-visit-parents.mjs": "ded52b134215d6eeffcd2bbbd28a48cf776b0cabc5cea69ab4d4c08179cdf8d3",
    "https://esm.sh/v126/unist-util-visit@4.1.2/denonext/unist-util-visit.mjs": "880a7728c99ec460216c51bb6bc49b0ea02fe9cdf0ee34cb2d6dc4ec42cd452f",
    "https://esm.sh/v126/vfile-message@3.1.4/denonext/vfile-message.mjs": "17851851be5b19dfb6efd7cabd5f9d00420f5911c71762495d2c17ffadd085bc",
    "https://esm.sh/v126/vfile@5.3.7/denonext/vfile.mjs": "4cb886e5c3c23cbcf976e5c392325f0c05a749db62c3860d75130c4de439c0fd",
    "https://esm.sh/v126/zwitch@2.0.4/denonext/zwitch.mjs": "c0e8c246a1f38b425335ea78cc366a7801d3ef89701229a35f85a51310e6e49f",
    "https://esm.sh/v135/@mdx-js/react@2.3.0": "3c9e9102b78e64507e4bd1248ebfe147d03aba999c254738b23f68dbda1e7378",
    "https://esm.sh/v135/@mdx-js/react@2.3.0/denonext/react.mjs": "928b5bdf1288d714c87c98644d5037653ebe6b29766727d4568d0f1a31d9ecc9",
    "https://esm.sh/v135/react-dom@18.2.0/client": "391c0483ce063105b7d0422c653da70d52ac5f4efa02b0873ce8b70c4dc9ff61",
    "https://esm.sh/v135/react-dom@18.2.0/denonext/client.js": "67082d736d11d0d288a4d10f260ab19cbf556c010b2d057088b0b4a5d10338a5",
    "https://esm.sh/v135/react-dom@18.2.0/denonext/react-dom.mjs": "8191fc377ea7083cca5640699c4abd75de033089eb932799e29aa04bb136838f",
    "https://esm.sh/v135/react-dom@18.2.0/denonext/server.js": "ead88af18fb70a507ccab7bc02732e9d225ef224a6de05f4829605008e796750",
    "https://esm.sh/v135/react-dom@18.2.0/server": "4e27b938451e1f25855754fe5149dd13f554ca75f3c5b387eb453144539c3dc7",
    "https://esm.sh/v135/react@18.2.0": "04ad7dc6d11fa27b24c136686a334ecdd19e972fae627cd98cbdc13cdac238c2",
    "https://esm.sh/v135/react@18.2.0/jsx-runtime": "aa011b336e339e6eaacc89787e7e3d6eb726b3701d9f8ac7fcd01db1595357cb",
    "https://esm.sh/v135/scheduler@0.23.0/denonext/scheduler.mjs": "cdbc6d2823e2c6fffcb14501146ff2602a38c48d3c9dd9268f308e833ede2b49"
  }
}
