{
  "version": "3",
  "redirects": {
    "https://deno.land/x/aleph@1.0.0-beta.44/": "https://deno.land/x/aleph@1.0.0-beta.44",
    "https://esm.sh/v128/@types/react@~18.2/jsx-runtime~.d.ts": "https://esm.sh/v128/@types/react@18.2.38/jsx-runtime~.d.ts"
  },
  "remote": {
    "https://deno.land/std@0.180.0/async/abortable.ts": "73acfb3ed7261ce0d930dbe89e43db8d34e017b063cf0eaa7d215477bf53442e",
    "https://deno.land/std@0.180.0/async/deadline.ts": "c5facb0b404eede83e38bd2717ea8ab34faa2ffb20ef87fd261fcba32ba307aa",
    "https://deno.land/std@0.180.0/async/debounce.ts": "adab11d04ca38d699444ac8a9d9856b4155e8dda2afd07ce78276c01ea5a4332",
    "https://deno.land/std@0.180.0/async/deferred.ts": "42790112f36a75a57db4a96d33974a936deb7b04d25c6084a9fa8a49f135def8",
    "https://deno.land/std@0.180.0/async/delay.ts": "73aa04cec034c84fc748c7be49bb15cac3dd43a57174bfdb7a4aec22c248f0dd",
    "https://deno.land/std@0.180.0/async/mod.ts": "f04344fa21738e5ad6bea37a6bfffd57c617c2d372bb9f9dcfd118a1b622e576",
    "https://deno.land/std@0.180.0/async/mux_async_iterator.ts": "70c7f2ee4e9466161350473ad61cac0b9f115cff4c552eaa7ef9d50c4cbb4cc9",
    "https://deno.land/std@0.180.0/async/pool.ts": "fd082bd4aaf26445909889435a5c74334c017847842ec035739b4ae637ae8260",
    "https://deno.land/std@0.180.0/async/retry.ts": "5efa3ba450ac0c07a40a82e2df296287b5013755d232049efd7ea2244f15b20f",
    "https://deno.land/std@0.180.0/async/tee.ts": "47e42d35f622650b02234d43803d0383a89eb4387e1b83b5a40106d18ae36757",
    "https://deno.land/std@0.180.0/http/server.ts": "cbb17b594651215ba95c01a395700684e569c165a567e4e04bba327f41197433",
    "https://deno.land/x/aleph@1.0.0-beta.44/framework/core/error.ts": "65b0dfaef2e8a77f857fdb6b953c4306d88af01690615bd8fb1a3570e336b255",
    "https://deno.land/x/aleph@1.0.0-beta.44/framework/core/events.ts": "d1d3d6a41a85bcaba8b624646c199736f5995108e3ac87d159e78832ea51efbd",
    "https://deno.land/x/aleph@1.0.0-beta.44/framework/core/router.ts": "cb5c1f3ed0d25578d4ec26491e5554992af5b7765ee5852a390b3785085f52d0",
    "https://deno.land/x/aleph@1.0.0-beta.44/framework/core/url_pattern.ts": "d218c6fe81646adb0dc164b7515a4eff959f4b64b975bfc2ee7696cb0864a3a3",
    "https://deno.land/x/aleph@1.0.0-beta.44/server/types.ts": "0d64e8aaa533e2d77b50d9c54def6ba0d995c10025574e681bc03482881c3e61",
    "https://deno.land/x/aleph@1.0.0-beta.44/shared/util.ts": "05b9c60ccb2216150f049615d185cc4a0bdd54829820a5ddc6f82641b4d4ff4f",
    "https://deno.land/x/aleph@1.0.0-beta.44/version.ts": "c735281d072759e60019fba2cb923e860e496c76998e9131ac4c8b5ea2694fd8",
    "https://esm.sh/stable/react@18.2.0/denonext/jsx-runtime.js": "54d8a51c6ca025380abd2d5302e4a9b38ff835d9759c4657e52314f587eaf6bf",
    "https://esm.sh/stable/react@18.2.0/denonext/react.mjs": "3c4f23bcfc53b256fcfaf6f834fa9f584c3bb7be667b2682c6cb6ba8ef88f8e6",
    "https://esm.sh/v126/mitt@3.0.0": "41ca510c85d0aaee3ab7c09273a4f394afff976a14398c1611037b82c24e0a21",
    "https://esm.sh/v126/mitt@3.0.0/denonext/mitt.mjs": "4afe21572fb471e15f6a9b7f139bcd12fdbc2e730e0f3e15eadb7d19e18a12f8",
    "https://esm.sh/v135/ccount@2.0.1/denonext/ccount.mjs": "7b32092651a866fcc992c028982ce5e911356da7653baa3febb1a8ccb93e30f8",
    "https://esm.sh/v135/character-entities@2.0.2/denonext/character-entities.mjs": "9e8657f056310ac3ca8058eaf96cef695ee13a4bf6c302674796a882464f305c",
    "https://esm.sh/v135/decode-named-character-reference@1.0.2/denonext/decode-named-character-reference.mjs": "1a5a8f9cbe302be478e964ab701be8644dbdfd4d8ce9f14de186cf84ee2a4bc1",
    "https://esm.sh/v135/escape-string-regexp@5.0.0/denonext/escape-string-regexp.mjs": "6080dd39c43a11f999a41172a27b8c58572d747d8276c039d93d4be8b21747a5",
    "https://esm.sh/v135/fault@2.0.1/denonext/fault.mjs": "3020bde23eea0e686b9fa20ede62ffe834ad796eb94d041ebb2cb345883fdc94",
    "https://esm.sh/v135/format@0.2.2/denonext/format.mjs": "4b5f307e1a0dab630893e8f5c91c4b38541d29b640ba6977adfecb2a22d3647d",
    "https://esm.sh/v135/github-slugger@1.5.0/denonext/github-slugger.mjs": "aff8b9cf584d0483e2423738deefd27bb98dcecc4dca65d522050e0e291f2429",
    "https://esm.sh/v135/hast-util-has-property@2.0.1/denonext/hast-util-has-property.mjs": "048e2e7410fe0c94adaf13a23be52cc4d1ded111241c55ea62735161554a6d88",
    "https://esm.sh/v135/hast-util-heading-rank@2.1.1/denonext/hast-util-heading-rank.mjs": "18b7a7528e6f1fe55658f9b04a2a9a5652dfc5adfff9264068aacf63de796e54",
    "https://esm.sh/v135/hast-util-is-element@2.1.3/denonext/hast-util-is-element.mjs": "c1c57613a9ccf9f53e518ac56bd5c66f48bd2e9881b1bc6c6b83193f7e93115c",
    "https://esm.sh/v135/hast-util-to-string@2.0.0/denonext/hast-util-to-string.mjs": "5c8ecf2b2754f8addf28d5e207c37b17972708b0e2a63055452a8c4013911ca1",
    "https://esm.sh/v135/hast-util-to-text@3.1.2/denonext/hast-util-to-text.mjs": "8f72a9033b987fdfc9a89c2225de3f65f575a582218af54ee2a4d2f15ea264c6",
    "https://esm.sh/v135/highlight.js@11.8.0/denonext/lib/core.js": "93781f7216bfad2a7bc6371ae535d479bd56e7a13bc1eb2a8984ad9b5cb4aa41",
    "https://esm.sh/v135/highlight.js@11.8.0/denonext/lib/languages/arduino.js": "857150518af1269cfbe1ac186c4216ae7b41841d3f091237e60550b60af147d9",
    "https://esm.sh/v135/highlight.js@11.8.0/denonext/lib/languages/bash.js": "6e98645317b7baec12121aff799a3bc97ee0f762c6644c39acd9eeabc3558a6c",
    "https://esm.sh/v135/highlight.js@11.8.0/denonext/lib/languages/c.js": "dd49725c08bb17f8c5a3462c2e8d0e34a9ac56aff3a0b3a22f0e05d4005e6a20",
    "https://esm.sh/v135/highlight.js@11.8.0/denonext/lib/languages/cpp.js": "271f2acbabca6f3ca659339697a877d3099a4c8b0cb31e33bab6a9eee174a7ac",
    "https://esm.sh/v135/highlight.js@11.8.0/denonext/lib/languages/csharp.js": "2953dff959a38d95204af865ef2537dd05e2fd4e2fc7bd410ba7bcd1a6b9ee3a",
    "https://esm.sh/v135/highlight.js@11.8.0/denonext/lib/languages/css.js": "421fd2aba2ebb1ca83dcbf7e5243043d8b388c11067ecbbfe84a3fd8616be339",
    "https://esm.sh/v135/highlight.js@11.8.0/denonext/lib/languages/diff.js": "10bc718a560c1e65a081e21eda9c9adfbc8cc1d06728f9aed67656422eb9e6bb",
    "https://esm.sh/v135/highlight.js@11.8.0/denonext/lib/languages/go.js": "79bf085d33d0f1eb89e44364713f3c9fcc7b6cab0929706c16009462552d3f25",
    "https://esm.sh/v135/highlight.js@11.8.0/denonext/lib/languages/graphql.js": "16a33ea22b9ff31aa460e6d12b2e05eebb295cf1e8e377267a5d851d229b04b4",
    "https://esm.sh/v135/highlight.js@11.8.0/denonext/lib/languages/ini.js": "8322c2be26898edbcd016b3b185f0906956f691c11186ca8b93ab5e8394957e9",
    "https://esm.sh/v135/highlight.js@11.8.0/denonext/lib/languages/java.js": "94a1ba5c1e9b72b2b95fb2d67da427e8c8057195985842cfce8d1f952d778a98",
    "https://esm.sh/v135/highlight.js@11.8.0/denonext/lib/languages/javascript.js": "958cb56890ee05ec3dfa2042896769d51435cc634e6c8e726f6713459756302d",
    "https://esm.sh/v135/highlight.js@11.8.0/denonext/lib/languages/json.js": "16d3cca434e049b2d4142bc5318c0e10f97da40c6924184e0dbc30b3b22ae8fa",
    "https://esm.sh/v135/highlight.js@11.8.0/denonext/lib/languages/kotlin.js": "d6041724226aaea579ab6f16a238a60d19ea231fda19e381b006b2d8eec46bce",
    "https://esm.sh/v135/highlight.js@11.8.0/denonext/lib/languages/less.js": "bceee594e65387d39de8267aaf69e2a4efd16e222a060919dec46f0ae96d70bb",
    "https://esm.sh/v135/highlight.js@11.8.0/denonext/lib/languages/lua.js": "fd773580e45f40954d703567713c43b8d1243db9da4276e5da6875bc1d1889ef",
    "https://esm.sh/v135/highlight.js@11.8.0/denonext/lib/languages/makefile.js": "fbab8c60ce5b00e6a27a3aa1336ffcd3b3eeff976830c0d2815bcf4a43f8c9ca",
    "https://esm.sh/v135/highlight.js@11.8.0/denonext/lib/languages/markdown.js": "f174f5fdd7cd7d8035ac0b20f1c5121d5c79429d9c0e118367ac9d2d1a52aea3",
    "https://esm.sh/v135/highlight.js@11.8.0/denonext/lib/languages/objectivec.js": "413a3d587699bbc29ea8cb176b084ecfcfd7b6f55722b29cedf4b12c399a2efe",
    "https://esm.sh/v135/highlight.js@11.8.0/denonext/lib/languages/perl.js": "3ea2bc1c9325d98cb65c74f8efc648d20769f99c3b0becd70fa19199d13bba01",
    "https://esm.sh/v135/highlight.js@11.8.0/denonext/lib/languages/php-template.js": "37487a0b6a35dbf79c231eccef53202420750eff087ea9419967e4dabdda939f",
    "https://esm.sh/v135/highlight.js@11.8.0/denonext/lib/languages/php.js": "816f5d79bb2e49b4bff5f966adec744bf8e3fdf4dc32a52f48a683bd90305337",
    "https://esm.sh/v135/highlight.js@11.8.0/denonext/lib/languages/plaintext.js": "55a99ea5be7e9a554376863ade8d5abc683308a9adfdfaa67d44f62f224ac98a",
    "https://esm.sh/v135/highlight.js@11.8.0/denonext/lib/languages/python-repl.js": "c6ed25f565e215e6fab3b7461d1158a1069aa3bba89b027d3412a0aae7676eed",
    "https://esm.sh/v135/highlight.js@11.8.0/denonext/lib/languages/python.js": "fa72f6a42b49bfb9dd49ea67c40cfe2d105ce884c5fc1f895ca3a0259e045458",
    "https://esm.sh/v135/highlight.js@11.8.0/denonext/lib/languages/r.js": "e0f3cde7a1e3c35e24748aaf5abb9e17a127440a8d8776e03e6747283c89f9b2",
    "https://esm.sh/v135/highlight.js@11.8.0/denonext/lib/languages/ruby.js": "d91f4a30ae477952eaf309f7abd28db6263716a9d7272fdddad879bd4834c017",
    "https://esm.sh/v135/highlight.js@11.8.0/denonext/lib/languages/rust.js": "ec2cc190ee326dfd5bb10d716660ebb9971eee2cf4917d22c1339bd78b9725ae",
    "https://esm.sh/v135/highlight.js@11.8.0/denonext/lib/languages/scss.js": "5b822d9040980d91303ac547d34f58b98b452e74faf2d12f9d414395b7975a87",
    "https://esm.sh/v135/highlight.js@11.8.0/denonext/lib/languages/shell.js": "e1ef8c9093a7cd047e9510e7c73cf9a381bd0c52eb12e0512c9b8e61beee7771",
    "https://esm.sh/v135/highlight.js@11.8.0/denonext/lib/languages/sql.js": "15bc53b29383b849c44218b2172c97d2aca3ac7226a898a7e46b5b88073d394c",
    "https://esm.sh/v135/highlight.js@11.8.0/denonext/lib/languages/swift.js": "824203048fb304cee352d5654c0847fed8495ce4ba44192fa292aa577c860322",
    "https://esm.sh/v135/highlight.js@11.8.0/denonext/lib/languages/typescript.js": "e52bfa3ed32d40b62ba516b86ad03551b33cf111eb804b758e1d087071a653b2",
    "https://esm.sh/v135/highlight.js@11.8.0/denonext/lib/languages/vbnet.js": "34c0514d5c8f46f9deb149ed168b0028a5e184d17d8241f5a69cb07aa700ef00",
    "https://esm.sh/v135/highlight.js@11.8.0/denonext/lib/languages/wasm.js": "9aedfe48d5f23268b9935322949745c457d1ba27b7fb69c24e421ef6cde00633",
    "https://esm.sh/v135/highlight.js@11.8.0/denonext/lib/languages/xml.js": "4b59f4adfa6f8d6bc6c590a0efdfcb7547a3d3c95940bbe0b28ff03797d98408",
    "https://esm.sh/v135/highlight.js@11.8.0/denonext/lib/languages/yaml.js": "7f6bba0334b23dd3ba0eb84e29e4479528875e3781f8561cd2296c2f9a299c1b",
    "https://esm.sh/v135/lowlight@2.9.0/denonext/lib/common.js": "c4f8da0225cf1117935cd70ef13688290ba5704bcaddad67212532f15e0f34df",
    "https://esm.sh/v135/lowlight@2.9.0/denonext/lowlight.mjs": "45af4de79484f8daa048de9b8f260436fa78592cda2c19f77180ec626daedc5c",
    "https://esm.sh/v135/markdown-table@3.0.3/denonext/markdown-table.mjs": "1dd9cb2d2d95fc440cc10489ac77bf979c944e76070997d962e05f627f45df0e",
    "https://esm.sh/v135/mdast-util-find-and-replace@2.2.2/denonext/mdast-util-find-and-replace.mjs": "89d060f3cb9fda5c54586a9f7ded7e08a08a3e116bd02e8e9ae5441f4fb906f1",
    "https://esm.sh/v135/mdast-util-frontmatter@1.0.1/denonext/mdast-util-frontmatter.mjs": "d63365f7957342676d88d9727e57f5f09c6e1b6f6594969c1bd825c668065b65",
    "https://esm.sh/v135/mdast-util-gfm-autolink-literal@1.0.3/denonext/mdast-util-gfm-autolink-literal.mjs": "e87257b76cfac1641e17e0f94ee140932fe77d15b41a1b965e8ebd01cea2835c",
    "https://esm.sh/v135/mdast-util-gfm-footnote@1.0.2/denonext/mdast-util-gfm-footnote.mjs": "db18a4dfe337aa470f9c6e673b9b24a325ffc0fe1515044c891107f03f95a951",
    "https://esm.sh/v135/mdast-util-gfm-strikethrough@1.0.3/denonext/mdast-util-gfm-strikethrough.mjs": "f317077ee65c2307c0be01bc304525881cd82dd8b2ee7689a715c48be2ad801e",
    "https://esm.sh/v135/mdast-util-gfm-table@1.0.7/denonext/mdast-util-gfm-table.mjs": "a59bb68e93dd3fed93b286d8ce19174bfce8250490fbf6a9063f57d762c485fe",
    "https://esm.sh/v135/mdast-util-gfm-task-list-item@1.0.2/denonext/mdast-util-gfm-task-list-item.mjs": "4378b5fc027a96cf1c529e73cb5988a4df16fa8ec87b6fe9dedf6573074dbbb0",
    "https://esm.sh/v135/mdast-util-gfm@2.0.2/denonext/mdast-util-gfm.mjs": "6c9f7459038fb77dc48470173e2c0a32ee6051861c419bed0e916191b215c113",
    "https://esm.sh/v135/mdast-util-to-markdown@1.5.0/denonext/lib/handle/inline-code.js": "3422bf53f674376874415f159bf7a07e938c4d0d5b8b7542c98748009075be7d",
    "https://esm.sh/v135/mdast-util-to-markdown@1.5.0/denonext/lib/handle/list-item.js": "3db183cad97c344db70eebf0ea5df747739e022ff4f56b9d4037619f2db09698",
    "https://esm.sh/v135/mdast-util-to-markdown@1.5.0/denonext/lib/util/association.js": "5d246a32ffeff1a3d28ae76046089833e9bcf47c7e1ac1808934ecc94452999c",
    "https://esm.sh/v135/mdast-util-to-markdown@1.5.0/denonext/lib/util/container-flow.js": "3735de16d58105c485c3eb304a700407b6108d81812c7623c50803dc68fa9498",
    "https://esm.sh/v135/mdast-util-to-markdown@1.5.0/denonext/lib/util/container-phrasing.js": "d37cbf5f47656c0dca1c974e7438383f1ad0d2f376ec8351d25a89ee46ff050f",
    "https://esm.sh/v135/mdast-util-to-markdown@1.5.0/denonext/lib/util/indent-lines.js": "f0c00ce02a330300bc74968470617e408bcdf48dd85e640e79aab57ed443bf4f",
    "https://esm.sh/v135/mdast-util-to-markdown@1.5.0/denonext/lib/util/safe.js": "ce43e3a9f314dbf8ac8536857f81ae7ff1a8b15a78caa91a2ca07cb53d4d843b",
    "https://esm.sh/v135/mdast-util-to-markdown@1.5.0/denonext/lib/util/track.js": "a91cdbfc1a4aed4b623ec3a5a553745b55fa8554722304ce31a4b6b98645d33d",
    "https://esm.sh/v135/micromark-core-commonmark@1.1.0/denonext/micromark-core-commonmark.mjs": "8ea80a972a2cfd19222b79d35cab88e3a79d4835fd5fe0e05ad000c13994365e",
    "https://esm.sh/v135/micromark-extension-frontmatter@1.1.1/denonext/matters.js": "01868eb09f54211e08d6b887f6dd59fd5a595e0ca5ffb6ddd13cdde0cbb1fdad",
    "https://esm.sh/v135/micromark-extension-frontmatter@1.1.1/denonext/micromark-extension-frontmatter.mjs": "1bd7562d6eb5602be61327a2f1257914662b98f64b7ded5f31e3c5cbd92d9303",
    "https://esm.sh/v135/micromark-extension-gfm-autolink-literal@1.0.5/denonext/micromark-extension-gfm-autolink-literal.mjs": "b339e45c3e7dc7e6959b1caf931b37f406b83de5776a2093516bb72af998ae39",
    "https://esm.sh/v135/micromark-extension-gfm-footnote@1.1.2/denonext/micromark-extension-gfm-footnote.mjs": "0977b8cd30fc7f2c0399dcd81c556d4fe16b7978cacb8894f95ef786a3525b33",
    "https://esm.sh/v135/micromark-extension-gfm-strikethrough@1.0.7/denonext/micromark-extension-gfm-strikethrough.mjs": "de6672973fa9532d8a093d623cbdb4cb45791313fa669be23595aeb4a4efbbc3",
    "https://esm.sh/v135/micromark-extension-gfm-table@1.0.7/denonext/micromark-extension-gfm-table.mjs": "dfcc80cdf933d046eb42fed9fab5be322aee0782a1a2005c668fb0c328622d82",
    "https://esm.sh/v135/micromark-extension-gfm-tagfilter@1.0.2/denonext/micromark-extension-gfm-tagfilter.mjs": "b5d2226cdadb016da79889a312bdd56561f7dd8c1a444efe92d79bba635ae119",
    "https://esm.sh/v135/micromark-extension-gfm-task-list-item@1.0.5/denonext/micromark-extension-gfm-task-list-item.mjs": "06127967f4ba80059dcd342fdf61a9a9e3a6da43475f824626ba51ec9c83397d",
    "https://esm.sh/v135/micromark-extension-gfm@2.0.3/denonext/micromark-extension-gfm.mjs": "460c6e2974adc3c5428f9db3e519d5924ff308709a517348e547a5a8b3f2e61a",
    "https://esm.sh/v135/micromark-factory-destination@1.1.0/denonext/micromark-factory-destination.mjs": "0f4cfe8c7ee7f08eff79ec901fb8857f48b2bf89e39b40e81addffe70cd44017",
    "https://esm.sh/v135/micromark-factory-label@1.1.0/denonext/micromark-factory-label.mjs": "e15744c4e428fba31a126cd96c044c4207d0ad98a1568d9ec28cc7e177db3ff5",
    "https://esm.sh/v135/micromark-factory-space@1.1.0/denonext/micromark-factory-space.mjs": "ce486bfa164b884cfa19ff1eb405de9c8bddb7eeaf568d010750e727b4b39793",
    "https://esm.sh/v135/micromark-factory-title@1.1.0/denonext/micromark-factory-title.mjs": "005b75bb04244521012a5140453679bcaa6c75b8b2341ee3c7685ef1c9856421",
    "https://esm.sh/v135/micromark-factory-whitespace@1.1.0/denonext/micromark-factory-whitespace.mjs": "d70c19de434b2d46749c9e27326591ef7c10cfa8a33b59c74860da7754e9c225",
    "https://esm.sh/v135/micromark-util-character@1.2.0/denonext/micromark-util-character.mjs": "be2f95646c829378e2f33d0e8b03e7e057f2387cd54f9c18c3d48a87fbc909c9",
    "https://esm.sh/v135/micromark-util-chunked@1.1.0/denonext/micromark-util-chunked.mjs": "896f816c52b791283f998076bcea3ff9a4bbd2bf858d96be6079400939ae8c9d",
    "https://esm.sh/v135/micromark-util-classify-character@1.1.0/denonext/micromark-util-classify-character.mjs": "ff64bc52c4e6d1fbeeaefd9be488d34dc556041098bd6357cd228b5f9dc096b6",
    "https://esm.sh/v135/micromark-util-combine-extensions@1.1.0/denonext/micromark-util-combine-extensions.mjs": "0db50d493dbeac6b1b04671180c6b7f9dea800e07ccc80d0559afb8b70f74c3a",
    "https://esm.sh/v135/micromark-util-decode-numeric-character-reference@1.1.0/denonext/micromark-util-decode-numeric-character-reference.mjs": "d9d2a8fc3648db44a49c0284d088db354b39c5623e1497c4127ad103594a7948",
    "https://esm.sh/v135/micromark-util-decode-string@1.1.0/denonext/micromark-util-decode-string.mjs": "2bd3d285c564875e319170c5c8e0aba6d73d4e38c53d03bba2af352b032e184a",
    "https://esm.sh/v135/micromark-util-encode@1.1.0/denonext/micromark-util-encode.mjs": "e9c399d8913ebe2b736a8259fb061740fd8ad632e7f933e27fb67f442c7e48e3",
    "https://esm.sh/v135/micromark-util-html-tag-name@1.2.0/denonext/micromark-util-html-tag-name.mjs": "81ed9b1fe3f6dd5290991b4bf39d034ddfd6cdbb4f5352ab61769e4c2eb3fbd3",
    "https://esm.sh/v135/micromark-util-normalize-identifier@1.1.0/denonext/micromark-util-normalize-identifier.mjs": "27b873a22954a139d8215b722b0a867b4f1f718cd261ea3f884f997a0d3e0e08",
    "https://esm.sh/v135/micromark-util-resolve-all@1.1.0/denonext/micromark-util-resolve-all.mjs": "ee8f55a86b2bfcc1be3d15bbd8b106755a51916ae4c75c962cc044f6b2a22d46",
    "https://esm.sh/v135/micromark-util-sanitize-uri@1.2.0/denonext/micromark-util-sanitize-uri.mjs": "7ca2662f0520db2dce82e5ef3925163fa7ebee4215021a2aa63eed62e222fbc7",
    "https://esm.sh/v135/micromark-util-subtokenize@1.1.0/denonext/micromark-util-subtokenize.mjs": "9e3712a2c1b703a286509669b2a13796a48408b33793ab29b7c52131f2593523",
    "https://esm.sh/v135/react@18.2.0/jsx-runtime": "aa011b336e339e6eaacc89787e7e3d6eb726b3701d9f8ac7fcd01db1595357cb",
    "https://esm.sh/v135/rehype-highlight@5.0.2": "59011d490b3651e470f6a2e337c5e43d08b17dcb44f0c7d86e620007f8a6de31",
    "https://esm.sh/v135/rehype-highlight@5.0.2/denonext/rehype-highlight.mjs": "253145449c92402b05436f531c47af58acef7bb9961b0d1033b3b05568d212b3",
    "https://esm.sh/v135/rehype-slug@5.0.1": "594a5ee1a6ef17dfeebad9e49b7c40ba6cf84670f4dfcb4c3940d158e9f6957b",
    "https://esm.sh/v135/rehype-slug@5.0.1/denonext/rehype-slug.mjs": "a5657492d234d82aa34ab5d375f7420b3772f62a41e1310e8d5424bd94b2a552",
    "https://esm.sh/v135/remark-frontmatter@4.0.1": "8dae1e590bca1bbb558e17f1e696063fc0ad3ef6b1f9d7c49d5b804ae79dc8fb",
    "https://esm.sh/v135/remark-frontmatter@4.0.1/denonext/remark-frontmatter.mjs": "896acc3ce1c78fa469d96ffc72d3d291417d70e3caf487deaf42767d33d099fb",
    "https://esm.sh/v135/remark-gfm@3.0.1": "4156c86a06869d7ce0c26a7402f59bcb78448e8cb806c24b639a96f0a3d086d8",
    "https://esm.sh/v135/remark-gfm@3.0.1/denonext/remark-gfm.mjs": "05540077c681802de7429829034eaca531313a309c75f9da53b39dc748bd11f5",
    "https://esm.sh/v135/unist-util-find-after@4.0.1/denonext/unist-util-find-after.mjs": "0c09f52aee0cf32c405105730a68ae15f92e385f86a430599f7d29193fdac642",
    "https://esm.sh/v135/unist-util-is@5.2.1/denonext/unist-util-is.mjs": "771abea65db57c71e2a3d98200242c362337617e63881fc9954e891dde32277c",
    "https://esm.sh/v135/unist-util-visit-parents@5.1.3/denonext/unist-util-visit-parents.mjs": "ba7da2ff52f5918f6189e059e076a0d9d5a1b1cda05483f26bafb23659d5e1f4",
    "https://esm.sh/v135/unist-util-visit@4.1.2/denonext/unist-util-visit.mjs": "17fb2ed178b4f6ac073c362ca95680df240fcfb6a324ad79fab34314a3c06929"
  }
}
